
Microsoft Visual Studio Solution File, Format Version 12.00
# Visual Studio Version 17
VisualStudioVersion = 17.3.32929.385
MinimumVisualStudioVersion = 10.0.40219.1
Project("{FAE04EC0-301F-11D3-BF4B-00C04F79EFBC}") = "Pipelines", "Pipelines\Pipelines.csproj", "{0E8223BC-0143-4DE2-B852-070F7E342E4E}"
EndProject
Global
	GlobalSection(SolutionConfigurationPlatforms) = preSolution
		Debug|Any CPU = Debug|Any CPU
		Release|Any CPU = Release|Any CPU
	EndGlobalSection
	GlobalSection(ProjectConfigurationPlatforms) = postSolution
		{0E8223BC-0143-4DE2-B852-070F7E342E4E}.Debug|Any CPU.ActiveCfg = Debug|Any CPU
		{0E8223BC-0143-4DE2-B852-070F7E342E4E}.Debug|Any CPU.Build.0 = Debug|Any CPU
		{0E8223BC-0143-4DE2-B852-070F7E342E4E}.Release|Any CPU.ActiveCfg = Release|Any CPU
		{0E8223BC-0143-4DE2-B852-070F7E342E4E}.Release|Any CPU.Build.0 = Release|Any CPU
	EndGlobalSection
	GlobalSection(SolutionProperties) = preSolution
		HideSolutionNode = FALSE
	EndGlobalSection
	GlobalSection(ExtensibilityGlobals) = postSolution
		SolutionGuid = {86F354FC-0C79-44F4-95B4-14815DE4BC76}
	EndGlobalSection
EndGlobal
